
Microsoft Visual Studio Solution File, Format Version 12.00
# Visual Studio Version 17
VisualStudioVersion = 17.9.34607.119
MinimumVisualStudioVersion = 10.0.40219.1
Project("{8BC9CEB8-8B4A-11D0-8D11-00A0C91BC942}") = "Client", "Client\Client.vcxproj", "{29E4F090-4125-485D-A05D-75CD1D468C66}"
EndProject
Global
	GlobalSection(SolutionConfigurationPlatforms) = preSolution
		Debug|x64 = Debug|x64
		Debug|x86 = Debug|x86
		Release|x64 = Release|x64
		Release|x86 = Release|x86
	EndGlobalSection
	GlobalSection(ProjectConfigurationPlatforms) = postSolution
		{29E4F090-4125-485D-A05D-75CD1D468C66}.Debug|x64.ActiveCfg = Debug|x64
		{29E4F090-4125-485D-A05D-75CD1D468C66}.Debug|x64.Build.0 = Debug|x64
		{29E4F090-4125-485D-A05D-75CD1D468C66}.Debug|x86.ActiveCfg = Debug|Win32
		{29E4F090-4125-485D-A05D-75CD1D468C66}.Debug|x86.Build.0 = Debug|Win32
		{29E4F090-4125-485D-A05D-75CD1D468C66}.Release|x64.ActiveCfg = Release|x64
		{29E4F090-4125-485D-A05D-75CD1D468C66}.Release|x64.Build.0 = Release|x64
		{29E4F090-4125-485D-A05D-75CD1D468C66}.Release|x86.ActiveCfg = Release|Win32
		{29E4F090-4125-485D-A05D-75CD1D468C66}.Release|x86.Build.0 = Release|Win32
	EndGlobalSection
	GlobalSection(SolutionProperties) = preSolution
		HideSolutionNode = FALSE
	EndGlobalSection
	GlobalSection(ExtensibilityGlobals) = postSolution
		SolutionGuid = {F261500F-F5DC-479C-954D-93F8AE5C4B58}
	EndGlobalSection
EndGlobal
